
Microsoft Visual Studio Solution File, Format Version 12.00
# Visual Studio Version 17
VisualStudioVersion = 17.7.34202.233
MinimumVisualStudioVersion = 10.0.40219.1
Project("{FAE04EC0-301F-11D3-BF4B-00C04F79EFBC}") = "Jim", "Jim\Jim.csproj", "{8D01D95A-A05F-4C3C-A4D9-B91224C3BA25}"
EndProject
Global
	GlobalSection(SolutionConfigurationPlatforms) = preSolution
		Debug|Any CPU = Debug|Any CPU
		Release|Any CPU = Release|Any CPU
	EndGlobalSection
	GlobalSection(ProjectConfigurationPlatforms) = postSolution
		{8D01D95A-A05F-4C3C-A4D9-B91224C3BA25}.Debug|Any CPU.ActiveCfg = Debug|Any CPU
		{8D01D95A-A05F-4C3C-A4D9-B91224C3BA25}.Debug|Any CPU.Build.0 = Debug|Any CPU
		{8D01D95A-A05F-4C3C-A4D9-B91224C3BA25}.Release|Any CPU.ActiveCfg = Release|Any CPU
		{8D01D95A-A05F-4C3C-A4D9-B91224C3BA25}.Release|Any CPU.Build.0 = Release|Any CPU
	EndGlobalSection
	GlobalSection(SolutionProperties) = preSolution
		HideSolutionNode = FALSE
	EndGlobalSection
	GlobalSection(ExtensibilityGlobals) = postSolution
		SolutionGuid = {C3491661-D2E2-4E35-B972-D409FAB58B56}
	EndGlobalSection
EndGlobal
